
Microsoft Visual Studio Solution File, Format Version 12.00
# Visual Studio Version 16
VisualStudioVersion = 16.0.29519.87
MinimumVisualStudioVersion = 10.0.40219.1
Project("{FAE04EC0-301F-11D3-BF4B-00C04F79EFBC}") = "ShareDrive.UWP", "ShareDrive\ShareDrive.UWP\ShareDrive.UWP.csproj", "{76CC9806-8AE7-4D0C-96D5-C4A941DFF0FD}"
EndProject
Project("{FAE04EC0-301F-11D3-BF4B-00C04F79EFBC}") = "ShareDrive.Android", "ShareDrive\ShareDrive.Android\ShareDrive.Android.csproj", "{0A596E4B-B0CD-4D59-BC04-BDE26C947F01}"
EndProject
Project("{FAE04EC0-301F-11D3-BF4B-00C04F79EFBC}") = "ShareDrive.iOS", "ShareDrive\ShareDrive.iOS\ShareDrive.iOS.csproj", "{1AB80B88-A1F8-45AE-9C19-313A562941CE}"
EndProject
Project("{FAE04EC0-301F-11D3-BF4B-00C04F79EFBC}") = "ShareDrive", "ShareDrive\ShareDrive\ShareDrive.csproj", "{90A0833E-5D94-48E9-BB7E-0BDA0ED33DAD}"
EndProject
Global
	GlobalSection(SolutionConfigurationPlatforms) = preSolution
		Debug|Any CPU = Debug|Any CPU
		Debug|ARM = Debug|ARM
		Debug|iPhone = Debug|iPhone
		Debug|iPhoneSimulator = Debug|iPhoneSimulator
		Debug|x64 = Debug|x64
		Debug|x86 = Debug|x86
		Release|Any CPU = Release|Any CPU
		Release|ARM = Release|ARM
		Release|iPhone = Release|iPhone
		Release|iPhoneSimulator = Release|iPhoneSimulator
		Release|x64 = Release|x64
		Release|x86 = Release|x86
	EndGlobalSection
	GlobalSection(ProjectConfigurationPlatforms) = postSolution
		{76CC9806-8AE7-4D0C-96D5-C4A941DFF0FD}.Debug|Any CPU.ActiveCfg = Debug|x86
		{76CC9806-8AE7-4D0C-96D5-C4A941DFF0FD}.Debug|Any CPU.Build.0 = Debug|x86
		{76CC9806-8AE7-4D0C-96D5-C4A941DFF0FD}.Debug|Any CPU.Deploy.0 = Debug|x86
		{76CC9806-8AE7-4D0C-96D5-C4A941DFF0FD}.Debug|ARM.ActiveCfg = Debug|ARM
		{76CC9806-8AE7-4D0C-96D5-C4A941DFF0FD}.Debug|ARM.Build.0 = Debug|ARM
		{76CC9806-8AE7-4D0C-96D5-C4A941DFF0FD}.Debug|ARM.Deploy.0 = Debug|ARM
		{76CC9806-8AE7-4D0C-96D5-C4A941DFF0FD}.Debug|iPhone.ActiveCfg = Debug|x86
		{76CC9806-8AE7-4D0C-96D5-C4A941DFF0FD}.Debug|iPhone.Build.0 = Debug|x86
		{76CC9806-8AE7-4D0C-96D5-C4A941DFF0FD}.Debug|iPhone.Deploy.0 = Debug|x86
		{76CC9806-8AE7-4D0C-96D5-C4A941DFF0FD}.Debug|iPhoneSimulator.ActiveCfg = Debug|x86
		{76CC9806-8AE7-4D0C-96D5-C4A941DFF0FD}.Debug|iPhoneSimulator.Build.0 = Debug|x86
		{76CC9806-8AE7-4D0C-96D5-C4A941DFF0FD}.Debug|iPhoneSimulator.Deploy.0 = Debug|x86
		{76CC9806-8AE7-4D0C-96D5-C4A941DFF0FD}.Debug|x64.ActiveCfg = Debug|x64
		{76CC9806-8AE7-4D0C-96D5-C4A941DFF0FD}.Debug|x64.Build.0 = Debug|x64
		{76CC9806-8AE7-4D0C-96D5-C4A941DFF0FD}.Debug|x64.Deploy.0 = Debug|x64
		{76CC9806-8AE7-4D0C-96D5-C4A941DFF0FD}.Debug|x86.ActiveCfg = Debug|x86
		{76CC9806-8AE7-4D0C-96D5-C4A941DFF0FD}.Debug|x86.Build.0 = Debug|x86
		{76CC9806-8AE7-4D0C-96D5-C4A941DFF0FD}.Debug|x86.Deploy.0 = Debug|x86
		{76CC9806-8AE7-4D0C-96D5-C4A941DFF0FD}.Release|Any CPU.ActiveCfg = Release|x86
		{76CC9806-8AE7-4D0C-96D5-C4A941DFF0FD}.Release|Any CPU.Build.0 = Release|x86
		{76CC9806-8AE7-4D0C-96D5-C4A941DFF0FD}.Release|Any CPU.Deploy.0 = Release|x86
		{76CC9806-8AE7-4D0C-96D5-C4A941DFF0FD}.Release|ARM.ActiveCfg = Release|ARM
		{76CC9806-8AE7-4D0C-96D5-C4A941DFF0FD}.Release|ARM.Build.0 = Release|ARM
		{76CC9806-8AE7-4D0C-96D5-C4A941DFF0FD}.Release|ARM.Deploy.0 = Release|ARM
		{76CC9806-8AE7-4D0C-96D5-C4A941DFF0FD}.Release|iPhone.ActiveCfg = Release|x86
		{76CC9806-8AE7-4D0C-96D5-C4A941DFF0FD}.Release|iPhone.Build.0 = Release|x86
		{76CC9806-8AE7-4D0C-96D5-C4A941DFF0FD}.Release|iPhone.Deploy.0 = Release|x86
		{76CC9806-8AE7-4D0C-96D5-C4A941DFF0FD}.Release|iPhoneSimulator.ActiveCfg = Release|x86
		{76CC9806-8AE7-4D0C-96D5-C4A941DFF0FD}.Release|iPhoneSimulator.Build.0 = Release|x86
		{76CC9806-8AE7-4D0C-96D5-C4A941DFF0FD}.Release|iPhoneSimulator.Deploy.0 = Release|x86
		{76CC9806-8AE7-4D0C-96D5-C4A941DFF0FD}.Release|x64.ActiveCfg = Release|x64
		{76CC9806-8AE7-4D0C-96D5-C4A941DFF0FD}.Release|x64.Build.0 = Release|x64
		{76CC9806-8AE7-4D0C-96D5-C4A941DFF0FD}.Release|x64.Deploy.0 = Release|x64
		{76CC9806-8AE7-4D0C-96D5-C4A941DFF0FD}.Release|x86.ActiveCfg = Release|x86
		{76CC9806-8AE7-4D0C-96D5-C4A941DFF0FD}.Release|x86.Build.0 = Release|x86
		{76CC9806-8AE7-4D0C-96D5-C4A941DFF0FD}.Release|x86.Deploy.0 = Release|x86
		{0A596E4B-B0CD-4D59-BC04-BDE26C947F01}.Debug|Any CPU.ActiveCfg = Debug|Any CPU
		{0A596E4B-B0CD-4D59-BC04-BDE26C947F01}.Debug|Any CPU.Build.0 = Debug|Any CPU
		{0A596E4B-B0CD-4D59-BC04-BDE26C947F01}.Debug|Any CPU.Deploy.0 = Debug|Any CPU
		{0A596E4B-B0CD-4D59-BC04-BDE26C947F01}.Debug|ARM.ActiveCfg = Debug|Any CPU
		{0A596E4B-B0CD-4D59-BC04-BDE26C947F01}.Debug|ARM.Build.0 = Debug|Any CPU
		{0A596E4B-B0CD-4D59-BC04-BDE26C947F01}.Debug|ARM.Deploy.0 = Debug|Any CPU
		{0A596E4B-B0CD-4D59-BC04-BDE26C947F01}.Debug|iPhone.ActiveCfg = Debug|Any CPU
		{0A596E4B-B0CD-4D59-BC04-BDE26C947F01}.Debug|iPhone.Build.0 = Debug|Any CPU
		{0A596E4B-B0CD-4D59-BC04-BDE26C947F01}.Debug|iPhone.Deploy.0 = Debug|Any CPU
		{0A596E4B-B0CD-4D59-BC04-BDE26C947F01}.Debug|iPhoneSimulator.ActiveCfg = Debug|Any CPU
		{0A596E4B-B0CD-4D59-BC04-BDE26C947F01}.Debug|iPhoneSimulator.Build.0 = Debug|Any CPU
		{0A596E4B-B0CD-4D59-BC04-BDE26C947F01}.Debug|iPhoneSimulator.Deploy.0 = Debug|Any CPU
		{0A596E4B-B0CD-4D59-BC04-BDE26C947F01}.Debug|x64.ActiveCfg = Debug|Any CPU
		{0A596E4B-B0CD-4D59-BC04-BDE26C947F01}.Debug|x64.Build.0 = Debug|Any CPU
		{0A596E4B-B0CD-4D59-BC04-BDE26C947F01}.Debug|x64.Deploy.0 = Debug|Any CPU
		{0A596E4B-B0CD-4D59-BC04-BDE26C947F01}.Debug|x86.ActiveCfg = Debug|Any CPU
		{0A596E4B-B0CD-4D59-BC04-BDE26C947F01}.Debug|x86.Build.0 = Debug|Any CPU
		{0A596E4B-B0CD-4D59-BC04-BDE26C947F01}.Debug|x86.Deploy.0 = Debug|Any CPU
		{0A596E4B-B0CD-4D59-BC04-BDE26C947F01}.Release|Any CPU.ActiveCfg = Release|Any CPU
		{0A596E4B-B0CD-4D59-BC04-BDE26C947F01}.Release|Any CPU.Build.0 = Release|Any CPU
		{0A596E4B-B0CD-4D59-BC04-BDE26C947F01}.Release|Any CPU.Deploy.0 = Release|Any CPU
		{0A596E4B-B0CD-4D59-BC04-BDE26C947F01}.Release|ARM.ActiveCfg = Release|Any CPU
		{0A596E4B-B0CD-4D59-BC04-BDE26C947F01}.Release|ARM.Build.0 = Release|Any CPU
		{0A596E4B-B0CD-4D59-BC04-BDE26C947F01}.Release|ARM.Deploy.0 = Release|Any CPU
		{0A596E4B-B0CD-4D59-BC04-BDE26C947F01}.Release|iPhone.ActiveCfg = Release|Any CPU
		{0A596E4B-B0CD-4D59-BC04-BDE26C947F01}.Release|iPhone.Build.0 = Release|Any CPU
		{0A596E4B-B0CD-4D59-BC04-BDE26C947F01}.Release|iPhone.Deploy.0 = Release|Any CPU
		{0A596E4B-B0CD-4D59-BC04-BDE26C947F01}.Release|iPhoneSimulator.ActiveCfg = Release|Any CPU
		{0A596E4B-B0CD-4D59-BC04-BDE26C947F01}.Release|iPhoneSimulator.Build.0 = Release|Any CPU
		{0A596E4B-B0CD-4D59-BC04-BDE26C947F01}.Release|iPhoneSimulator.Deploy.0 = Release|Any CPU
		{0A596E4B-B0CD-4D59-BC04-BDE26C947F01}.Release|x64.ActiveCfg = Release|Any CPU
		{0A596E4B-B0CD-4D59-BC04-BDE26C947F01}.Release|x64.Build.0 = Release|Any CPU
		{0A596E4B-B0CD-4D59-BC04-BDE26C947F01}.Release|x64.Deploy.0 = Release|Any CPU
		{0A596E4B-B0CD-4D59-BC04-BDE26C947F01}.Release|x86.ActiveCfg = Release|Any CPU
		{0A596E4B-B0CD-4D59-BC04-BDE26C947F01}.Release|x86.Build.0 = Release|Any CPU
		{0A596E4B-B0CD-4D59-BC04-BDE26C947F01}.Release|x86.Deploy.0 = Release|Any CPU
		{1AB80B88-A1F8-45AE-9C19-313A562941CE}.Debug|Any CPU.ActiveCfg = Debug|iPhone
		{1AB80B88-A1F8-45AE-9C19-313A562941CE}.Debug|Any CPU.Build.0 = Debug|iPhone
		{1AB80B88-A1F8-45AE-9C19-313A562941CE}.Debug|Any CPU.Deploy.0 = Debug|iPhone
		{1AB80B88-A1F8-45AE-9C19-313A562941CE}.Debug|ARM.ActiveCfg = Debug|iPhoneSimulator
		{1AB80B88-A1F8-45AE-9C19-313A562941CE}.Debug|ARM.Build.0 = Debug|iPhoneSimulator
		{1AB80B88-A1F8-45AE-9C19-313A562941CE}.Debug|ARM.Deploy.0 = Debug|iPhoneSimulator
		{1AB80B88-A1F8-45AE-9C19-313A562941CE}.Debug|iPhone.ActiveCfg = Debug|iPhone
		{1AB80B88-A1F8-45AE-9C19-313A562941CE}.Debug|iPhone.Build.0 = Debug|iPhone
		{1AB80B88-A1F8-45AE-9C19-313A562941CE}.Debug|iPhone.Deploy.0 = Debug|iPhone
		{1AB80B88-A1F8-45AE-9C19-313A562941CE}.Debug|iPhoneSimulator.ActiveCfg = Debug|iPhoneSimulator
		{1AB80B88-A1F8-45AE-9C19-313A562941CE}.Debug|iPhoneSimulator.Build.0 = Debug|iPhoneSimulator
		{1AB80B88-A1F8-45AE-9C19-313A562941CE}.Debug|iPhoneSimulator.Deploy.0 = Debug|iPhoneSimulator
		{1AB80B88-A1F8-45AE-9C19-313A562941CE}.Debug|x64.ActiveCfg = Debug|iPhone
		{1AB80B88-A1F8-45AE-9C19-313A562941CE}.Debug|x64.Build.0 = Debug|iPhone
		{1AB80B88-A1F8-45AE-9C19-313A562941CE}.Debug|x64.Deploy.0 = Debug|iPhone
		{1AB80B88-A1F8-45AE-9C19-313A562941CE}.Debug|x86.ActiveCfg = Debug|iPhone
		{1AB80B88-A1F8-45AE-9C19-313A562941CE}.Debug|x86.Build.0 = Debug|iPhone
		{1AB80B88-A1F8-45AE-9C19-313A562941CE}.Debug|x86.Deploy.0 = Debug|iPhone
		{1AB80B88-A1F8-45AE-9C19-313A562941CE}.Release|Any CPU.ActiveCfg = Release|iPhone
		{1AB80B88-A1F8-45AE-9C19-313A562941CE}.Release|Any CPU.Build.0 = Release|iPhone
		{1AB80B88-A1F8-45AE-9C19-313A562941CE}.Release|Any CPU.Deploy.0 = Release|iPhone
		{1AB80B88-A1F8-45AE-9C19-313A562941CE}.Release|ARM.ActiveCfg = Release|iPhone
		{1AB80B88-A1F8-45AE-9C19-313A562941CE}.Release|ARM.Build.0 = Release|iPhone
		{1AB80B88-A1F8-45AE-9C19-313A562941CE}.Release|ARM.Deploy.0 = Release|iPhone
		{1AB80B88-A1F8-45AE-9C19-313A562941CE}.Release|iPhone.ActiveCfg = Release|iPhone
		{1AB80B88-A1F8-45AE-9C19-313A562941CE}.Release|iPhone.Build.0 = Release|iPhone
		{1AB80B88-A1F8-45AE-9C19-313A562941CE}.Release|iPhone.Deploy.0 = Release|iPhone
		{1AB80B88-A1F8-45AE-9C19-313A562941CE}.Release|iPhoneSimulator.ActiveCfg = Release|iPhoneSimulator
		{1AB80B88-A1F8-45AE-9C19-313A562941CE}.Release|iPhoneSimulator.Build.0 = Release|iPhoneSimulator
		{1AB80B88-A1F8-45AE-9C19-313A562941CE}.Release|iPhoneSimulator.Deploy.0 = Release|iPhoneSimulator
		{1AB80B88-A1F8-45AE-9C19-313A562941CE}.Release|x64.ActiveCfg = Release|iPhone
		{1AB80B88-A1F8-45AE-9C19-313A562941CE}.Release|x64.Build.0 = Release|iPhone
		{1AB80B88-A1F8-45AE-9C19-313A562941CE}.Release|x64.Deploy.0 = Release|iPhone
		{1AB80B88-A1F8-45AE-9C19-313A562941CE}.Release|x86.ActiveCfg = Release|iPhone
		{1AB80B88-A1F8-45AE-9C19-313A562941CE}.Release|x86.Build.0 = Release|iPhone
		{1AB80B88-A1F8-45AE-9C19-313A562941CE}.Release|x86.Deploy.0 = Release|iPhone
		{90A0833E-5D94-48E9-BB7E-0BDA0ED33DAD}.Debug|Any CPU.ActiveCfg = Debug|Any CPU
		{90A0833E-5D94-48E9-BB7E-0BDA0ED33DAD}.Debug|Any CPU.Build.0 = Debug|Any CPU
		{90A0833E-5D94-48E9-BB7E-0BDA0ED33DAD}.Debug|Any CPU.Deploy.0 = Debug|Any CPU
		{90A0833E-5D94-48E9-BB7E-0BDA0ED33DAD}.Debug|ARM.ActiveCfg = Debug|Any CPU
		{90A0833E-5D94-48E9-BB7E-0BDA0ED33DAD}.Debug|ARM.Build.0 = Debug|Any CPU
		{90A0833E-5D94-48E9-BB7E-0BDA0ED33DAD}.Debug|ARM.Deploy.0 = Debug|Any CPU
		{90A0833E-5D94-48E9-BB7E-0BDA0ED33DAD}.Debug|iPhone.ActiveCfg = Debug|Any CPU
		{90A0833E-5D94-48E9-BB7E-0BDA0ED33DAD}.Debug|iPhone.Build.0 = Debug|Any CPU
		{90A0833E-5D94-48E9-BB7E-0BDA0ED33DAD}.Debug|iPhone.Deploy.0 = Debug|Any CPU
		{90A0833E-5D94-48E9-BB7E-0BDA0ED33DAD}.Debug|iPhoneSimulator.ActiveCfg = Debug|Any CPU
		{90A0833E-5D94-48E9-BB7E-0BDA0ED33DAD}.Debug|iPhoneSimulator.Build.0 = Debug|Any CPU
		{90A0833E-5D94-48E9-BB7E-0BDA0ED33DAD}.Debug|iPhoneSimulator.Deploy.0 = Debug|Any CPU
		{90A0833E-5D94-48E9-BB7E-0BDA0ED33DAD}.Debug|x64.ActiveCfg = Debug|Any CPU
		{90A0833E-5D94-48E9-BB7E-0BDA0ED33DAD}.Debug|x64.Build.0 = Debug|Any CPU
		{90A0833E-5D94-48E9-BB7E-0BDA0ED33DAD}.Debug|x64.Deploy.0 = Debug|Any CPU
		{90A0833E-5D94-48E9-BB7E-0BDA0ED33DAD}.Debug|x86.ActiveCfg = Debug|Any CPU
		{90A0833E-5D94-48E9-BB7E-0BDA0ED33DAD}.Debug|x86.Build.0 = Debug|Any CPU
		{90A0833E-5D94-48E9-BB7E-0BDA0ED33DAD}.Debug|x86.Deploy.0 = Debug|Any CPU
		{90A0833E-5D94-48E9-BB7E-0BDA0ED33DAD}.Release|Any CPU.ActiveCfg = Release|Any CPU
		{90A0833E-5D94-48E9-BB7E-0BDA0ED33DAD}.Release|Any CPU.Build.0 = Release|Any CPU
		{90A0833E-5D94-48E9-BB7E-0BDA0ED33DAD}.Release|Any CPU.Deploy.0 = Release|Any CPU
		{90A0833E-5D94-48E9-BB7E-0BDA0ED33DAD}.Release|ARM.ActiveCfg = Release|Any CPU
		{90A0833E-5D94-48E9-BB7E-0BDA0ED33DAD}.Release|ARM.Build.0 = Release|Any CPU
		{90A0833E-5D94-48E9-BB7E-0BDA0ED33DAD}.Release|ARM.Deploy.0 = Release|Any CPU
		{90A0833E-5D94-48E9-BB7E-0BDA0ED33DAD}.Release|iPhone.ActiveCfg = Release|Any CPU
		{90A0833E-5D94-48E9-BB7E-0BDA0ED33DAD}.Release|iPhone.Build.0 = Release|Any CPU
		{90A0833E-5D94-48E9-BB7E-0BDA0ED33DAD}.Release|iPhone.Deploy.0 = Release|Any CPU
		{90A0833E-5D94-48E9-BB7E-0BDA0ED33DAD}.Release|iPhoneSimulator.ActiveCfg = Release|Any CPU
		{90A0833E-5D94-48E9-BB7E-0BDA0ED33DAD}.Release|iPhoneSimulator.Build.0 = Release|Any CPU
		{90A0833E-5D94-48E9-BB7E-0BDA0ED33DAD}.Release|iPhoneSimulator.Deploy.0 = Release|Any CPU
		{90A0833E-5D94-48E9-BB7E-0BDA0ED33DAD}.Release|x64.ActiveCfg = Release|Any CPU
		{90A0833E-5D94-48E9-BB7E-0BDA0ED33DAD}.Release|x64.Build.0 = Release|Any CPU
		{90A0833E-5D94-48E9-BB7E-0BDA0ED33DAD}.Release|x64.Deploy.0 = Release|Any CPU
		{90A0833E-5D94-48E9-BB7E-0BDA0ED33DAD}.Release|x86.ActiveCfg = Release|Any CPU
		{90A0833E-5D94-48E9-BB7E-0BDA0ED33DAD}.Release|x86.Build.0 = Release|Any CPU
		{90A0833E-5D94-48E9-BB7E-0BDA0ED33DAD}.Release|x86.Deploy.0 = Release|Any CPU
	EndGlobalSection
	GlobalSection(SolutionProperties) = preSolution
		HideSolutionNode = FALSE
	EndGlobalSection
	GlobalSection(ExtensibilityGlobals) = postSolution
		SolutionGuid = {7423D186-CA6D-4504-832B-11C77EDBEB17}
	EndGlobalSection
EndGlobal
